{
  "nodes": {
    "nixpkgs": {
      "locked": {
        "lastModified": 1784856561,
        "narHash": "sha256-/HjbyQqfFs3cG7o/zJ25RPaLZqS9a88z6vOGhMoZwRs=",
        "rev": "597283ad8aa0b331c788e97c4c262d58877074ef",
        "type": "tarball",
        "url": "https://releases.nixos.org/nixos/26.05/nixos-26.05.5984.597283ad8aa0/nixexprs.tar.xz"
      },
      "original": {
        "type": "tarball",
        "url": "https://channels.nixos.org/nixos-26.05/nixexprs.tar.xz"
      }
    },
    "root": {
      "inputs": {
        "nixpkgs": "nixpkgs"
      }
    }
  },
  "root": "root",
  "version": 7
}
